// !$*UTF8*$!
{
	archiveVersion = 1;
	classes = {
	};
	objectVersion = 70;
	objects = {

/* Begin PBXBuildFile section */
		21373BA92D5140D300E0811A /* HighV_Tutorial.mp4 in Resources */ = {isa = PBXBuildFile; fileRef = 21373BA82D5140D300E0811A /* HighV_Tutorial.mp4 */; };
		214168342CD90070000FD404 /* Main.storyboard in Resources */ = {isa = PBXBuildFile; fileRef = 214168322CD90070000FD404 /* Main.storyboard */; };
		2144B4062D88DA2F00F7C807 /* SDWebImage in Frameworks */ = {isa = PBXBuildFile; productRef = 2144B4052D88DA2F00F7C807 /* SDWebImage */; };
		2144B4082D88DA2F00F7C807 /* SDWebImageMapKit in Frameworks */ = {isa = PBXBuildFile; productRef = 2144B4072D88DA2F00F7C807 /* SDWebImageMapKit */; };
		216007C12CEBC1DE00545888 /* Assets.xcassets in Resources */ = {isa = PBXBuildFile; fileRef = 216007C02CEBC1DE00545888 /* Assets.xcassets */; };
		218E23352D887D2C005A3875 /* GoogleSignIn in Frameworks */ = {isa = PBXBuildFile; productRef = 218E23342D887D2C005A3875 /* GoogleSignIn */; };
		218E23372D887D2C005A3875 /* GoogleSignInSwift in Frameworks */ = {isa = PBXBuildFile; productRef = 218E23362D887D2C005A3875 /* GoogleSignInSwift */; };
		218E233B2D887DA0005A3875 /* GoogleService-Info 2.plist in Resources */ = {isa = PBXBuildFile; fileRef = 218E233A2D887DA0005A3875 /* GoogleService-Info 2.plist */; };
		21B716512CFD10FF00F433DE /* GoogleService-Info.plist in Resources */ = {isa = PBXBuildFile; fileRef = 21B716502CFD10FF00F433DE /* GoogleService-Info.plist */; };
		21B716542CFD123200F433DE /* FirebaseAnalytics in Frameworks */ = {isa = PBXBuildFile; productRef = 21B716532CFD123200F433DE /* FirebaseAnalytics */; };
		21B716562CFD123200F433DE /* FirebaseAnalyticsWithoutAdIdSupport in Frameworks */ = {isa = PBXBuildFile; productRef = 21B716552CFD123200F433DE /* FirebaseAnalyticsWithoutAdIdSupport */; };
		21B7165E2CFE35EB00F433DE /* FirebaseAuth in Frameworks */ = {isa = PBXBuildFile; productRef = 21B7165D2CFE35EB00F433DE /* FirebaseAuth */; };
		21B716602CFE35EB00F433DE /* FirebaseCore in Frameworks */ = {isa = PBXBuildFile; productRef = 21B7165F2CFE35EB00F433DE /* FirebaseCore */; };
		21B716622CFE35EB00F433DE /* FirebaseDatabase in Frameworks */ = {isa = PBXBuildFile; productRef = 21B716612CFE35EB00F433DE /* FirebaseDatabase */; };
		21B716642CFE36D900F433DE /* FirebaseFirestore in Frameworks */ = {isa = PBXBuildFile; productRef = 21B716632CFE36D900F433DE /* FirebaseFirestore */; };
		21B716662CFF5B3500F433DE /* FirebaseStorage in Frameworks */ = {isa = PBXBuildFile; productRef = 21B716652CFF5B3500F433DE /* FirebaseStorage */; };
		21B716732D08D20A00F433DE /* progressManager.swift in Sources */ = {isa = PBXBuildFile; fileRef = 21B716722D08D20A00F433DE /* progressManager.swift */; };
		21B716752D08D71800F433DE /* FireBaseManager.swift in Sources */ = {isa = PBXBuildFile; fileRef = 21B716742D08D71800F433DE /* FireBaseManager.swift */; };
		21BE76982D188A6F00A9B13C /* FirebaseAnalytics in Frameworks */ = {isa = PBXBuildFile; productRef = 21BE76972D188A6F00A9B13C /* FirebaseAnalytics */; };
		21BE769A2D188A6F00A9B13C /* FirebaseAnalyticsOnDeviceConversion in Frameworks */ = {isa = PBXBuildFile; productRef = 21BE76992D188A6F00A9B13C /* FirebaseAnalyticsOnDeviceConversion */; };
		21BE769C2D188A6F00A9B13C /* FirebaseAnalyticsWithoutAdIdSupport in Frameworks */ = {isa = PBXBuildFile; productRef = 21BE769B2D188A6F00A9B13C /* FirebaseAnalyticsWithoutAdIdSupport */; };
		21BE769E2D188A6F00A9B13C /* FirebaseAuth in Frameworks */ = {isa = PBXBuildFile; productRef = 21BE769D2D188A6F00A9B13C /* FirebaseAuth */; };
		21BE76A02D188A6F00A9B13C /* FirebaseCore in Frameworks */ = {isa = PBXBuildFile; productRef = 21BE769F2D188A6F00A9B13C /* FirebaseCore */; };
		21BE76A22D188A6F00A9B13C /* FirebaseDatabase in Frameworks */ = {isa = PBXBuildFile; productRef = 21BE76A12D188A6F00A9B13C /* FirebaseDatabase */; };
		21BE76A42D188A6F00A9B13C /* FirebaseFirestore in Frameworks */ = {isa = PBXBuildFile; productRef = 21BE76A32D188A6F00A9B13C /* FirebaseFirestore */; };
		21BE76A62D188A6F00A9B13C /* FirebaseStorage in Frameworks */ = {isa = PBXBuildFile; productRef = 21BE76A52D188A6F00A9B13C /* FirebaseStorage */; };
		21DA7C172D30F790005D7DBA /* FirebaseFunctions in Frameworks */ = {isa = PBXBuildFile; productRef = 21DA7C162D30F790005D7DBA /* FirebaseFunctions */; };
		F92D610E2C9E23C800314A6B /* AppDelegate.swift in Sources */ = {isa = PBXBuildFile; fileRef = F92D610D2C9E23C800314A6B /* AppDelegate.swift */; };
		F92D61102C9E23C800314A6B /* SceneDelegate.swift in Sources */ = {isa = PBXBuildFile; fileRef = F92D610F2C9E23C800314A6B /* SceneDelegate.swift */; };
		F92D611A2C9E23C900314A6B /* Base in Resources */ = {isa = PBXBuildFile; fileRef = F92D61192C9E23C900314A6B /* Base */; };
/* End PBXBuildFile section */

/* Begin PBXFileReference section */
		21373BA82D5140D300E0811A /* HighV_Tutorial.mp4 */ = {isa = PBXFileReference; lastKnownFileType = file; path = HighV_Tutorial.mp4; sourceTree = "<group>"; };
		214168332CD90070000FD404 /* Base */ = {isa = PBXFileReference; lastKnownFileType = file.storyboard; name = Base; path = Base.lproj/Main.storyboard; sourceTree = "<group>"; };
		216007C02CEBC1DE00545888 /* Assets.xcassets */ = {isa = PBXFileReference; lastKnownFileType = folder.assetcatalog; path = Assets.xcassets; sourceTree = "<group>"; };
		218E233A2D887DA0005A3875 /* GoogleService-Info 2.plist */ = {isa = PBXFileReference; lastKnownFileType = text.plist.xml; path = "GoogleService-Info 2.plist"; sourceTree = "<group>"; };
		21B716502CFD10FF00F433DE /* GoogleService-Info.plist */ = {isa = PBXFileReference; lastKnownFileType = text.plist.xml; path = "GoogleService-Info.plist"; sourceTree = "<group>"; };
		21B716722D08D20A00F433DE /* progressManager.swift */ = {isa = PBXFileReference; lastKnownFileType = sourcecode.swift; path = progressManager.swift; sourceTree = "<group>"; };
		21B716742D08D71800F433DE /* FireBaseManager.swift */ = {isa = PBXFileReference; lastKnownFileType = sourcecode.swift; path = FireBaseManager.swift; sourceTree = "<group>"; };
		F92D610A2C9E23C800314A6B /* DeskBreak_Test.app */ = {isa = PBXFileReference; explicitFileType = wrapper.application; includeInIndex = 0; path = DeskBreak_Test.app; sourceTree = BUILT_PRODUCTS_DIR; };
		F92D610D2C9E23C800314A6B /* AppDelegate.swift */ = {isa = PBXFileReference; lastKnownFileType = sourcecode.swift; path = AppDelegate.swift; sourceTree = "<group>"; };
		F92D610F2C9E23C800314A6B /* SceneDelegate.swift */ = {isa = PBXFileReference; lastKnownFileType = sourcecode.swift; path = SceneDelegate.swift; sourceTree = "<group>"; };
		F92D61192C9E23C900314A6B /* Base */ = {isa = PBXFileReference; lastKnownFileType = file.storyboard; name = Base; path = Base.lproj/LaunchScreen.storyboard; sourceTree = "<group>"; };
		F92D611B2C9E23C900314A6B /* Info.plist */ = {isa = PBXFileReference; lastKnownFileType = text.plist.xml; path = Info.plist; sourceTree = "<group>"; };
/* End PBXFileReference section */

/* Begin PBXFileSystemSynchronizedRootGroup section */
		2102CA962D659A570095384F /* Views */ = {isa = PBXFileSystemSynchronizedRootGroup; explicitFileTypes = {}; explicitFolders = (); path = Views; sourceTree = "<group>"; };
		2102CA972D659AB90095384F /* DataModel */ = {isa = PBXFileSystemSynchronizedRootGroup; explicitFileTypes = {}; explicitFolders = (); path = DataModel; sourceTree = "<group>"; };
		2102CA982D659ACD0095384F /* Predictor */ = {isa = PBXFileSystemSynchronizedRootGroup; explicitFileTypes = {}; explicitFolders = (); path = Predictor; sourceTree = "<group>"; };
		2102CA992D659AF90095384F /* MlModels */ = {isa = PBXFileSystemSynchronizedRootGroup; explicitFileTypes = {}; explicitFolders = (); path = MlModels; sourceTree = "<group>"; };
		21CE5CFC2D739B8500457252 /* Notifications */ = {isa = PBXFileSystemSynchronizedRootGroup; explicitFileTypes = {}; explicitFolders = (); path = Notifications; sourceTree = "<group>"; };
		21FFB0DB2D870189005D65A6 /* coreData */ = {isa = PBXFileSystemSynchronizedRootGroup; explicitFileTypes = {}; explicitFolders = (); path = coreData; sourceTree = "<group>"; };
/* End PBXFileSystemSynchronizedRootGroup section */

/* Begin PBXFrameworksBuildPhase section */
		F92D61072C9E23C800314A6B /* Frameworks */ = {
			isa = PBXFrameworksBuildPhase;
			buildActionMask = 2147483647;
			files = (
				21BE76A22D188A6F00A9B13C /* FirebaseDatabase in Frameworks */,
				21B716622CFE35EB00F433DE /* FirebaseDatabase in Frameworks */,
				21BE769C2D188A6F00A9B13C /* FirebaseAnalyticsWithoutAdIdSupport in Frameworks */,
				21B716542CFD123200F433DE /* FirebaseAnalytics in Frameworks */,
				21BE76982D188A6F00A9B13C /* FirebaseAnalytics in Frameworks */,
				2144B4062D88DA2F00F7C807 /* SDWebImage in Frameworks */,
				2144B4082D88DA2F00F7C807 /* SDWebImageMapKit in Frameworks */,
				21B7165E2CFE35EB00F433DE /* FirebaseAuth in Frameworks */,
				21BE769A2D188A6F00A9B13C /* FirebaseAnalyticsOnDeviceConversion in Frameworks */,
				21B716602CFE35EB00F433DE /* FirebaseCore in Frameworks */,
				21BE76A62D188A6F00A9B13C /* FirebaseStorage in Frameworks */,
				218E23372D887D2C005A3875 /* GoogleSignInSwift in Frameworks */,
				218E23352D887D2C005A3875 /* GoogleSignIn in Frameworks */,
				21BE769E2D188A6F00A9B13C /* FirebaseAuth in Frameworks */,
				21B716662CFF5B3500F433DE /* FirebaseStorage in Frameworks */,
				21DA7C172D30F790005D7DBA /* FirebaseFunctions in Frameworks */,
				21B716562CFD123200F433DE /* FirebaseAnalyticsWithoutAdIdSupport in Frameworks */,
				21BE76A02D188A6F00A9B13C /* FirebaseCore in Frameworks */,
				21B716642CFE36D900F433DE /* FirebaseFirestore in Frameworks */,
				21BE76A42D188A6F00A9B13C /* FirebaseFirestore in Frameworks */,
			);
			runOnlyForDeploymentPostprocessing = 0;
		};
/* End PBXFrameworksBuildPhase section */

/* Begin PBXGroup section */
		F92D61012C9E23C800314A6B = {
			isa = PBXGroup;
			children = (
				F92D610C2C9E23C800314A6B /* DeskBreak_Test */,
				F92D610B2C9E23C800314A6B /* Products */,
			);
			sourceTree = "<group>";
		};
		F92D610B2C9E23C800314A6B /* Products */ = {
			isa = PBXGroup;
			children = (
				F92D610A2C9E23C800314A6B /* DeskBreak_Test.app */,
			);
			name = Products;
			sourceTree = "<group>";
		};
		F92D610C2C9E23C800314A6B /* DeskBreak_Test */ = {
			isa = PBXGroup;
			children = (
				21FFB0DB2D870189005D65A6 /* coreData */,
				21CE5CFC2D739B8500457252 /* Notifications */,
				2102CA992D659AF90095384F /* MlModels */,
				2102CA982D659ACD0095384F /* Predictor */,
				2102CA972D659AB90095384F /* DataModel */,
				2102CA962D659A570095384F /* Views */,
				21373BA82D5140D300E0811A /* HighV_Tutorial.mp4 */,
				216007C02CEBC1DE00545888 /* Assets.xcassets */,
				F92D610D2C9E23C800314A6B /* AppDelegate.swift */,
				F92D610F2C9E23C800314A6B /* SceneDelegate.swift */,
				218E233A2D887DA0005A3875 /* GoogleService-Info 2.plist */,
				21B716502CFD10FF00F433DE /* GoogleService-Info.plist */,
				F92D61182C9E23C900314A6B /* LaunchScreen.storyboard */,
				F92D611B2C9E23C900314A6B /* Info.plist */,
				214168322CD90070000FD404 /* Main.storyboard */,
				21B716722D08D20A00F433DE /* progressManager.swift */,
				21B716742D08D71800F433DE /* FireBaseManager.swift */,
			);
			path = DeskBreak_Test;
			sourceTree = "<group>";
		};
/* End PBXGroup section */

/* Begin PBXNativeTarget section */
		F92D61092C9E23C800314A6B /* DeskBreak_Test */ = {
			isa = PBXNativeTarget;
			buildConfigurationList = F92D611E2C9E23C900314A6B /* Build configuration list for PBXNativeTarget "DeskBreak_Test" */;
			buildPhases = (
				F92D61062C9E23C800314A6B /* Sources */,
				F92D61072C9E23C800314A6B /* Frameworks */,
				F92D61082C9E23C800314A6B /* Resources */,
			);
			buildRules = (
			);
			dependencies = (
			);
			fileSystemSynchronizedGroups = (
				2102CA962D659A570095384F /* Views */,
				2102CA972D659AB90095384F /* DataModel */,
				2102CA982D659ACD0095384F /* Predictor */,
				2102CA992D659AF90095384F /* MlModels */,
				21CE5CFC2D739B8500457252 /* Notifications */,
				21FFB0DB2D870189005D65A6 /* coreData */,
			);
			name = DeskBreak_Test;
			productName = DeskBreak_Test;
			productReference = F92D610A2C9E23C800314A6B /* DeskBreak_Test.app */;
			productType = "com.apple.product-type.application";
		};
/* End PBXNativeTarget section */

/* Begin PBXProject section */
		F92D61022C9E23C800314A6B /* Project object */ = {
			isa = PBXProject;
			attributes = {
				BuildIndependentTargetsInParallel = 1;
				LastSwiftUpdateCheck = 1540;
				LastUpgradeCheck = 1540;
				TargetAttributes = {
					F92D61092C9E23C800314A6B = {
						CreatedOnToolsVersion = 15.4;
					};
				};
			};
			buildConfigurationList = F92D61052C9E23C800314A6B /* Build configuration list for PBXProject "DeskBreak_Test" */;
			compatibilityVersion = "Xcode 14.0";
			developmentRegion = en;
			hasScannedForEncodings = 0;
			knownRegions = (
				en,
				Base,
			);
			mainGroup = F92D61012C9E23C800314A6B;
			packageReferences = (
				21B716522CFD123200F433DE /* XCRemoteSwiftPackageReference "firebase-ios-sdk" */,
				218E23332D887D2C005A3875 /* XCRemoteSwiftPackageReference "GoogleSignIn-iOS" */,
				2144B4042D88DA2F00F7C807 /* XCRemoteSwiftPackageReference "SDWebImage" */,
			);
			productRefGroup = F92D610B2C9E23C800314A6B /* Products */;
			projectDirPath = "";
			projectRoot = "";
			targets = (
				F92D61092C9E23C800314A6B /* DeskBreak_Test */,
			);
		};
/* End PBXProject section */

/* Begin PBXResourcesBuildPhase section */
		F92D61082C9E23C800314A6B /* Resources */ = {
			isa = PBXResourcesBuildPhase;
			buildActionMask = 2147483647;
			files = (
				214168342CD90070000FD404 /* Main.storyboard in Resources */,
				218E233B2D887DA0005A3875 /* GoogleService-Info 2.plist in Resources */,
				21373BA92D5140D300E0811A /* HighV_Tutorial.mp4 in Resources */,
				21B716512CFD10FF00F433DE /* GoogleService-Info.plist in Resources */,
				216007C12CEBC1DE00545888 /* Assets.xcassets in Resources */,
				F92D611A2C9E23C900314A6B /* Base in Resources */,
			);
			runOnlyForDeploymentPostprocessing = 0;
		};
/* End PBXResourcesBuildPhase section */

/* Begin PBXSourcesBuildPhase section */
		F92D61062C9E23C800314A6B /* Sources */ = {
			isa = PBXSourcesBuildPhase;
			buildActionMask = 2147483647;
			files = (
				21B716752D08D71800F433DE /* FireBaseManager.swift in Sources */,
				F92D610E2C9E23C800314A6B /* AppDelegate.swift in Sources */,
				21B716732D08D20A00F433DE /* progressManager.swift in Sources */,
				F92D61102C9E23C800314A6B /* SceneDelegate.swift in Sources */,
			);
			runOnlyForDeploymentPostprocessing = 0;
		};
/* End PBXSourcesBuildPhase section */

/* Begin PBXVariantGroup section */
		214168322CD90070000FD404 /* Main.storyboard */ = {
			isa = PBXVariantGroup;
			children = (
				214168332CD90070000FD404 /* Base */,
			);
			name = Main.storyboard;
			sourceTree = "<group>";
		};
		F92D61182C9E23C900314A6B /* LaunchScreen.storyboard */ = {
			isa = PBXVariantGroup;
			children = (
				F92D61192C9E23C900314A6B /* Base */,
			);
			name = LaunchScreen.storyboard;
			sourceTree = "<group>";
		};
/* End PBXVariantGroup section */

/* Begin XCBuildConfiguration section */
		F92D611C2C9E23C900314A6B /* Debug */ = {
			isa = XCBuildConfiguration;
			buildSettings = {
				ALWAYS_SEARCH_USER_PATHS = NO;
				ASSETCATALOG_COMPILER_GENERATE_SWIFT_ASSET_SYMBOL_EXTENSIONS = YES;
				CLANG_ANALYZER_NONNULL = YES;
				CLANG_ANALYZER_NUMBER_OBJECT_CONVERSION = YES_AGGRESSIVE;
				CLANG_CXX_LANGUAGE_STANDARD = "gnu++20";
				CLANG_ENABLE_MODULES = YES;
				CLANG_ENABLE_OBJC_ARC = YES;
				CLANG_ENABLE_OBJC_WEAK = YES;
				CLANG_WARN_BLOCK_CAPTURE_AUTORELEASING = YES;
				CLANG_WARN_BOOL_CONVERSION = YES;
				CLANG_WARN_COMMA = YES;
				CLANG_WARN_CONSTANT_CONVERSION = YES;
				CLANG_WARN_DEPRECATED_OBJC_IMPLEMENTATIONS = YES;
				CLANG_WARN_DIRECT_OBJC_ISA_USAGE = YES_ERROR;
				CLANG_WARN_DOCUMENTATION_COMMENTS = YES;
				CLANG_WARN_EMPTY_BODY = YES;
				CLANG_WARN_ENUM_CONVERSION = YES;
				CLANG_WARN_INFINITE_RECURSION = YES;
				CLANG_WARN_INT_CONVERSION = YES;
				CLANG_WARN_NON_LITERAL_NULL_CONVERSION = YES;
				CLANG_WARN_OBJC_IMPLICIT_RETAIN_SELF = YES;
				CLANG_WARN_OBJC_LITERAL_CONVERSION = YES;
				CLANG_WARN_OBJC_ROOT_CLASS = YES_ERROR;
				CLANG_WARN_QUOTED_INCLUDE_IN_FRAMEWORK_HEADER = YES;
				CLANG_WARN_RANGE_LOOP_ANALYSIS = YES;
				CLANG_WARN_STRICT_PROTOTYPES = YES;
				CLANG_WARN_SUSPICIOUS_MOVE = YES;
				CLANG_WARN_UNGUARDED_AVAILABILITY = YES_AGGRESSIVE;
				CLANG_WARN_UNREACHABLE_CODE = YES;
				CLANG_WARN__DUPLICATE_METHOD_MATCH = YES;
				COPY_PHASE_STRIP = NO;
				DEBUG_INFORMATION_FORMAT = dwarf;
				ENABLE_STRICT_OBJC_MSGSEND = YES;
				ENABLE_TESTABILITY = YES;
				ENABLE_USER_SCRIPT_SANDBOXING = YES;
				GCC_C_LANGUAGE_STANDARD = gnu17;
				GCC_DYNAMIC_NO_PIC = NO;
				GCC_NO_COMMON_BLOCKS = YES;
				GCC_OPTIMIZATION_LEVEL = 0;
				GCC_PREPROCESSOR_DEFINITIONS = (
					"DEBUG=1",
					"$(inherited)",
				);
				GCC_WARN_64_TO_32_BIT_CONVERSION = YES;
				GCC_WARN_ABOUT_RETURN_TYPE = YES_ERROR;
				GCC_WARN_UNDECLARED_SELECTOR = YES;
				GCC_WARN_UNINITIALIZED_AUTOS = YES_AGGRESSIVE;
				GCC_WARN_UNUSED_FUNCTION = YES;
				GCC_WARN_UNUSED_VARIABLE = YES;
				IPHONEOS_DEPLOYMENT_TARGET = 17.5;
				LOCALIZATION_PREFERS_STRING_CATALOGS = YES;
				MTL_ENABLE_DEBUG_INFO = INCLUDE_SOURCE;
				MTL_FAST_MATH = YES;
				ONLY_ACTIVE_ARCH = YES;
				SDKROOT = iphoneos;
				SWIFT_ACTIVE_COMPILATION_CONDITIONS = "DEBUG $(inherited)";
				SWIFT_OPTIMIZATION_LEVEL = "-Onone";
			};
			name = Debug;
		};
		F92D611D2C9E23C900314A6B /* Release */ = {
			isa = XCBuildConfiguration;
			buildSettings = {
				ALWAYS_SEARCH_USER_PATHS = NO;
				ASSETCATALOG_COMPILER_GENERATE_SWIFT_ASSET_SYMBOL_EXTENSIONS = YES;
				CLANG_ANALYZER_NONNULL = YES;
				CLANG_ANALYZER_NUMBER_OBJECT_CONVERSION = YES_AGGRESSIVE;
				CLANG_CXX_LANGUAGE_STANDARD = "gnu++20";
				CLANG_ENABLE_MODULES = YES;
				CLANG_ENABLE_OBJC_ARC = YES;
				CLANG_ENABLE_OBJC_WEAK = YES;
				CLANG_WARN_BLOCK_CAPTURE_AUTORELEASING = YES;
				CLANG_WARN_BOOL_CONVERSION = YES;
				CLANG_WARN_COMMA = YES;
				CLANG_WARN_CONSTANT_CONVERSION = YES;
				CLANG_WARN_DEPRECATED_OBJC_IMPLEMENTATIONS = YES;
				CLANG_WARN_DIRECT_OBJC_ISA_USAGE = YES_ERROR;
				CLANG_WARN_DOCUMENTATION_COMMENTS = YES;
				CLANG_WARN_EMPTY_BODY = YES;
				CLANG_WARN_ENUM_CONVERSION = YES;
				CLANG_WARN_INFINITE_RECURSION = YES;
				CLANG_WARN_INT_CONVERSION = YES;
				CLANG_WARN_NON_LITERAL_NULL_CONVERSION = YES;
				CLANG_WARN_OBJC_IMPLICIT_RETAIN_SELF = YES;
				CLANG_WARN_OBJC_LITERAL_CONVERSION = YES;
				CLANG_WARN_OBJC_ROOT_CLASS = YES_ERROR;
				CLANG_WARN_QUOTED_INCLUDE_IN_FRAMEWORK_HEADER = YES;
				CLANG_WARN_RANGE_LOOP_ANALYSIS = YES;
				CLANG_WARN_STRICT_PROTOTYPES = YES;
				CLANG_WARN_SUSPICIOUS_MOVE = YES;
				CLANG_WARN_UNGUARDED_AVAILABILITY = YES_AGGRESSIVE;
				CLANG_WARN_UNREACHABLE_CODE = YES;
				CLANG_WARN__DUPLICATE_METHOD_MATCH = YES;
				COPY_PHASE_STRIP = NO;
				DEBUG_INFORMATION_FORMAT = "dwarf-with-dsym";
				ENABLE_NS_ASSERTIONS = NO;
				ENABLE_STRICT_OBJC_MSGSEND = YES;
				ENABLE_USER_SCRIPT_SANDBOXING = YES;
				GCC_C_LANGUAGE_STANDARD = gnu17;
				GCC_NO_COMMON_BLOCKS = YES;
				GCC_WARN_64_TO_32_BIT_CONVERSION = YES;
				GCC_WARN_ABOUT_RETURN_TYPE = YES_ERROR;
				GCC_WARN_UNDECLARED_SELECTOR = YES;
				GCC_WARN_UNINITIALIZED_AUTOS = YES_AGGRESSIVE;
				GCC_WARN_UNUSED_FUNCTION = YES;
				GCC_WARN_UNUSED_VARIABLE = YES;
				IPHONEOS_DEPLOYMENT_TARGET = 17.5;
				LOCALIZATION_PREFERS_STRING_CATALOGS = YES;
				MTL_ENABLE_DEBUG_INFO = NO;
				MTL_FAST_MATH = YES;
				SDKROOT = iphoneos;
				SWIFT_COMPILATION_MODE = wholemodule;
				VALIDATE_PRODUCT = YES;
			};
			name = Release;
		};
		F92D611F2C9E23C900314A6B /* Debug */ = {
			isa = XCBuildConfiguration;
			buildSettings = {
				ASSETCATALOG_COMPILER_APPICON_NAME = AppIcon;
				ASSETCATALOG_COMPILER_GLOBAL_ACCENT_COLOR_NAME = AccentColor;
				CODE_SIGN_STYLE = Automatic;
				COREML_CODEGEN_LANGUAGE = Swift;
				CURRENT_PROJECT_VERSION = 1;
				DEVELOPMENT_TEAM = 79CXZ54DW8;
				GENERATE_INFOPLIST_FILE = YES;
				INFOPLIST_FILE = DeskBreak_Test/Info.plist;
				INFOPLIST_KEY_CFBundleDisplayName = DeskBreak;
				INFOPLIST_KEY_LSApplicationCategoryType = "public.app-category.healthcare-fitness";
				INFOPLIST_KEY_NSCameraUsageDescription = "DeskBreak wants to access your camera";
				INFOPLIST_KEY_NSLocationAlwaysAndWhenInUseUsageDescription = "DeskBreak wants to know your location for communities";
				INFOPLIST_KEY_NSLocationAlwaysUsageDescription = "DeskBreak wants to know your location for communities";
				INFOPLIST_KEY_NSLocationUsageDescription = "This app want to access your location for communities.";
				INFOPLIST_KEY_NSLocationWhenInUseUsageDescription = "This app want to access your location for communities.";
				INFOPLIST_KEY_NSPhotoLibraryUsageDescription = "This application wants to access your photo library";
				INFOPLIST_KEY_UIApplicationSupportsIndirectInputEvents = YES;
				INFOPLIST_KEY_UILaunchStoryboardName = LaunchScreen;
				INFOPLIST_KEY_UIMainStoryboardFile = Main;
				INFOPLIST_KEY_UISupportedInterfaceOrientations = UIInterfaceOrientationPortrait;
				INFOPLIST_KEY_UISupportedInterfaceOrientations_iPad = "UIInterfaceOrientationLandscapeLeft UIInterfaceOrientationLandscapeRight UIInterfaceOrientationPortrait UIInterfaceOrientationPortraitUpsideDown";
				IPHONEOS_DEPLOYMENT_TARGET = 18.0;
				LD_RUNPATH_SEARCH_PATHS = (
					"$(inherited)",
					"@executable_path/Frameworks",
				);
				MARKETING_VERSION = 1.0;
				PRODUCT_BUNDLE_IDENTIFIER = com.srmist.DeskBreak1;
				PRODUCT_NAME = "$(TARGET_NAME)";
				SWIFT_EMIT_LOC_STRINGS = YES;
				SWIFT_VERSION = 5.0;
				TARGETED_DEVICE_FAMILY = "1,2";
			};
			name = Debug;
		};
		F92D61202C9E23C900314A6B /* Release */ = {
			isa = XCBuildConfiguration;
			buildSettings = {
				ASSETCATALOG_COMPILER_APPICON_NAME = AppIcon;
				ASSETCATALOG_COMPILER_GLOBAL_ACCENT_COLOR_NAME = AccentColor;
				CODE_SIGN_STYLE = Automatic;
				COREML_CODEGEN_LANGUAGE = Swift;
				CURRENT_PROJECT_VERSION = 1;
				DEVELOPMENT_TEAM = 79CXZ54DW8;
				GENERATE_INFOPLIST_FILE = YES;
				INFOPLIST_FILE = DeskBreak_Test/Info.plist;
				INFOPLIST_KEY_CFBundleDisplayName = DeskBreak;
				INFOPLIST_KEY_LSApplicationCategoryType = "public.app-category.healthcare-fitness";
				INFOPLIST_KEY_NSCameraUsageDescription = "DeskBreak wants to access your camera";
				INFOPLIST_KEY_NSLocationAlwaysAndWhenInUseUsageDescription = "DeskBreak wants to know your location for communities";
				INFOPLIST_KEY_NSLocationAlwaysUsageDescription = "DeskBreak wants to know your location for communities";
				INFOPLIST_KEY_NSLocationUsageDescription = "This app want to access your location for communities.";
				INFOPLIST_KEY_NSLocationWhenInUseUsageDescription = "This app want to access your location for communities.";
				INFOPLIST_KEY_NSPhotoLibraryUsageDescription = "This application wants to access your photo library";
				INFOPLIST_KEY_UIApplicationSupportsIndirectInputEvents = YES;
				INFOPLIST_KEY_UILaunchStoryboardName = LaunchScreen;
				INFOPLIST_KEY_UIMainStoryboardFile = Main;
				INFOPLIST_KEY_UISupportedInterfaceOrientations = UIInterfaceOrientationPortrait;
				INFOPLIST_KEY_UISupportedInterfaceOrientations_iPad = "UIInterfaceOrientationLandscapeLeft UIInterfaceOrientationLandscapeRight UIInterfaceOrientationPortrait UIInterfaceOrientationPortraitUpsideDown";
				IPHONEOS_DEPLOYMENT_TARGET = 18.0;
				LD_RUNPATH_SEARCH_PATHS = (
					"$(inherited)",
					"@executable_path/Frameworks",
				);
				MARKETING_VERSION = 1.0;
				PRODUCT_BUNDLE_IDENTIFIER = com.srmist.DeskBreak1;
				PRODUCT_NAME = "$(TARGET_NAME)";
				SWIFT_EMIT_LOC_STRINGS = YES;
				SWIFT_VERSION = 5.0;
				TARGETED_DEVICE_FAMILY = "1,2";
			};
			name = Release;
		};
/* End XCBuildConfiguration section */

/* Begin XCConfigurationList section */
		F92D61052C9E23C800314A6B /* Build configuration list for PBXProject "DeskBreak_Test" */ = {
			isa = XCConfigurationList;
			buildConfigurations = (
				F92D611C2C9E23C900314A6B /* Debug */,
				F92D611D2C9E23C900314A6B /* Release */,
			);
			defaultConfigurationIsVisible = 0;
			defaultConfigurationName = Release;
		};
		F92D611E2C9E23C900314A6B /* Build configuration list for PBXNativeTarget "DeskBreak_Test" */ = {
			isa = XCConfigurationList;
			buildConfigurations = (
				F92D611F2C9E23C900314A6B /* Debug */,
				F92D61202C9E23C900314A6B /* Release */,
			);
			defaultConfigurationIsVisible = 0;
			defaultConfigurationName = Release;
		};
/* End XCConfigurationList section */

/* Begin XCRemoteSwiftPackageReference section */
		2144B4042D88DA2F00F7C807 /* XCRemoteSwiftPackageReference "SDWebImage" */ = {
			isa = XCRemoteSwiftPackageReference;
			repositoryURL = "https://github.com/SDWebImage/SDWebImage.git";
			requirement = {
				kind = upToNextMajorVersion;
				minimumVersion = 5.21.0;
			};
		};
		218E23332D887D2C005A3875 /* XCRemoteSwiftPackageReference "GoogleSignIn-iOS" */ = {
			isa = XCRemoteSwiftPackageReference;
			repositoryURL = "https://github.com/google/GoogleSignIn-iOS";
			requirement = {
				kind = upToNextMajorVersion;
				minimumVersion = 8.0.0;
			};
		};
		21B716522CFD123200F433DE /* XCRemoteSwiftPackageReference "firebase-ios-sdk" */ = {
			isa = XCRemoteSwiftPackageReference;
			repositoryURL = "https://github.com/firebase/firebase-ios-sdk";
			requirement = {
				kind = upToNextMajorVersion;
				minimumVersion = 11.5.0;
			};
		};
/* End XCRemoteSwiftPackageReference section */

/* Begin XCSwiftPackageProductDependency section */
		2144B4052D88DA2F00F7C807 /* SDWebImage */ = {
			isa = XCSwiftPackageProductDependency;
			package = 2144B4042D88DA2F00F7C807 /* XCRemoteSwiftPackageReference "SDWebImage" */;
			productName = SDWebImage;
		};
		2144B4072D88DA2F00F7C807 /* SDWebImageMapKit */ = {
			isa = XCSwiftPackageProductDependency;
			package = 2144B4042D88DA2F00F7C807 /* XCRemoteSwiftPackageReference "SDWebImage" */;
			productName = SDWebImageMapKit;
		};
		218E23342D887D2C005A3875 /* GoogleSignIn */ = {
			isa = XCSwiftPackageProductDependency;
			package = 218E23332D887D2C005A3875 /* XCRemoteSwiftPackageReference "GoogleSignIn-iOS" */;
			productName = GoogleSignIn;
		};
		218E23362D887D2C005A3875 /* GoogleSignInSwift */ = {
			isa = XCSwiftPackageProductDependency;
			package = 218E23332D887D2C005A3875 /* XCRemoteSwiftPackageReference "GoogleSignIn-iOS" */;
			productName = GoogleSignInSwift;
		};
		21B716532CFD123200F433DE /* FirebaseAnalytics */ = {
			isa = XCSwiftPackageProductDependency;
			package = 21B716522CFD123200F433DE /* XCRemoteSwiftPackageReference "firebase-ios-sdk" */;
			productName = FirebaseAnalytics;
		};
		21B716552CFD123200F433DE /* FirebaseAnalyticsWithoutAdIdSupport */ = {
			isa = XCSwiftPackageProductDependency;
			package = 21B716522CFD123200F433DE /* XCRemoteSwiftPackageReference "firebase-ios-sdk" */;
			productName = FirebaseAnalyticsWithoutAdIdSupport;
		};
		21B7165D2CFE35EB00F433DE /* FirebaseAuth */ = {
			isa = XCSwiftPackageProductDependency;
			package = 21B716522CFD123200F433DE /* XCRemoteSwiftPackageReference "firebase-ios-sdk" */;
			productName = FirebaseAuth;
		};
		21B7165F2CFE35EB00F433DE /* FirebaseCore */ = {
			isa = XCSwiftPackageProductDependency;
			package = 21B716522CFD123200F433DE /* XCRemoteSwiftPackageReference "firebase-ios-sdk" */;
			productName = FirebaseCore;
		};
		21B716612CFE35EB00F433DE /* FirebaseDatabase */ = {
			isa = XCSwiftPackageProductDependency;
			package = 21B716522CFD123200F433DE /* XCRemoteSwiftPackageReference "firebase-ios-sdk" */;
			productName = FirebaseDatabase;
		};
		21B716632CFE36D900F433DE /* FirebaseFirestore */ = {
			isa = XCSwiftPackageProductDependency;
			package = 21B716522CFD123200F433DE /* XCRemoteSwiftPackageReference "firebase-ios-sdk" */;
			productName = FirebaseFirestore;
		};
		21B716652CFF5B3500F433DE /* FirebaseStorage */ = {
			isa = XCSwiftPackageProductDependency;
			package = 21B716522CFD123200F433DE /* XCRemoteSwiftPackageReference "firebase-ios-sdk" */;
			productName = FirebaseStorage;
		};
		21BE76972D188A6F00A9B13C /* FirebaseAnalytics */ = {
			isa = XCSwiftPackageProductDependency;
			package = 21B716522CFD123200F433DE /* XCRemoteSwiftPackageReference "firebase-ios-sdk" */;
			productName = FirebaseAnalytics;
		};
		21BE76992D188A6F00A9B13C /* FirebaseAnalyticsOnDeviceConversion */ = {
			isa = XCSwiftPackageProductDependency;
			package = 21B716522CFD123200F433DE /* XCRemoteSwiftPackageReference "firebase-ios-sdk" */;
			productName = FirebaseAnalyticsOnDeviceConversion;
		};
		21BE769B2D188A6F00A9B13C /* FirebaseAnalyticsWithoutAdIdSupport */ = {
			isa = XCSwiftPackageProductDependency;
			package = 21B716522CFD123200F433DE /* XCRemoteSwiftPackageReference "firebase-ios-sdk" */;
			productName = FirebaseAnalyticsWithoutAdIdSupport;
		};
		21BE769D2D188A6F00A9B13C /* FirebaseAuth */ = {
			isa = XCSwiftPackageProductDependency;
			package = 21B716522CFD123200F433DE /* XCRemoteSwiftPackageReference "firebase-ios-sdk" */;
			productName = FirebaseAuth;
		};
		21BE769F2D188A6F00A9B13C /* FirebaseCore */ = {
			isa = XCSwiftPackageProductDependency;
			package = 21B716522CFD123200F433DE /* XCRemoteSwiftPackageReference "firebase-ios-sdk" */;
			productName = FirebaseCore;
		};
		21BE76A12D188A6F00A9B13C /* FirebaseDatabase */ = {
			isa = XCSwiftPackageProductDependency;
			package = 21B716522CFD123200F433DE /* XCRemoteSwiftPackageReference "firebase-ios-sdk" */;
			productName = FirebaseDatabase;
		};
		21BE76A32D188A6F00A9B13C /* FirebaseFirestore */ = {
			isa = XCSwiftPackageProductDependency;
			package = 21B716522CFD123200F433DE /* XCRemoteSwiftPackageReference "firebase-ios-sdk" */;
			productName = FirebaseFirestore;
		};
		21BE76A52D188A6F00A9B13C /* FirebaseStorage */ = {
			isa = XCSwiftPackageProductDependency;
			package = 21B716522CFD123200F433DE /* XCRemoteSwiftPackageReference "firebase-ios-sdk" */;
			productName = FirebaseStorage;
		};
		21DA7C162D30F790005D7DBA /* FirebaseFunctions */ = {
			isa = XCSwiftPackageProductDependency;
			package = 21B716522CFD123200F433DE /* XCRemoteSwiftPackageReference "firebase-ios-sdk" */;
			productName = FirebaseFunctions;
		};
/* End XCSwiftPackageProductDependency section */
	};
	rootObject = F92D61022C9E23C800314A6B /* Project object */;
}
